
Microsoft Visual Studio Solution File, Format Version 12.00
# Visual Studio 14
VisualStudioVersion = 14.0.25123.0
MinimumVisualStudioVersion = 10.0.40219.1
Project("{FAE04EC0-301F-11D3-BF4B-00C04F79EFBC}") = "SpaceEngineersIngameScripts", "SpaceEngineersIngameScripts\SpaceEngineersIngameScripts.csproj", "{83921FD8-8B03-4233-8AC5-B7FA1F871274}"
EndProject
Global
	GlobalSection(SolutionConfigurationPlatforms) = preSolution
		Debug|Any CPU = Debug|Any CPU
		Release|Any CPU = Release|Any CPU
	EndGlobalSection
	GlobalSection(ProjectConfigurationPlatforms) = postSolution
		{83921FD8-8B03-4233-8AC5-B7FA1F871274}.Debug|Any CPU.ActiveCfg = Debug|x64
		{83921FD8-8B03-4233-8AC5-B7FA1F871274}.Debug|Any CPU.Build.0 = Debug|x64
		{83921FD8-8B03-4233-8AC5-B7FA1F871274}.Release|Any CPU.ActiveCfg = Release|Any CPU
		{83921FD8-8B03-4233-8AC5-B7FA1F871274}.Release|Any CPU.Build.0 = Release|Any CPU
	EndGlobalSection
	GlobalSection(SolutionProperties) = preSolution
		HideSolutionNode = FALSE
	EndGlobalSection
EndGlobal
